<Solution>
  <Project Path="Finbridge.Api/Finbridge.Api.csproj" />
  <Project Path="Finbridge.Application/Finbridge.Application.csproj" />
  <Project Path="Finbridge.Data/Finbridge.Data.csproj" />
  <Project Path="Finbridge.Domain/Finbridge.Domain.csproj" />
  <Project Path="Finbridge.Tests/Finbridge.Tests.csproj" />
  <Project Path="Finbridge.Backoffice/Finbridge.Backoffice.csproj" />
</Solution>
